
Microsoft Visual Studio Solution File, Format Version 12.00
# Visual Studio Version 17
VisualStudioVersion = 17.10.35027.167
MinimumVisualStudioVersion = 10.0.40219.1
Project("{9A19103F-16F7-4668-BE54-9A1E7A4F7556}") = "ToDoList.Api", "ToDoList.Api\ToDoList.Api.csproj", "{17C3B994-820D-4711-8225-BC7A64D69B60}"
EndProject
Project("{9A19103F-16F7-4668-BE54-9A1E7A4F7556}") = "ToDoList.Application", "ToDoList.Application\ToDoList.Application.csproj", "{456DF1B3-13D3-4F74-BA1B-780FD47FA16E}"
EndProject
Project("{9A19103F-16F7-4668-BE54-9A1E7A4F7556}") = "ToDoList.Domain", "ToDoList.Domain\ToDoList.Domain.csproj", "{87F7EBF3-B801-4881-8220-AB92234A73B2}"
EndProject
Project("{9A19103F-16F7-4668-BE54-9A1E7A4F7556}") = "ToDoList.Infrastructure", "ToDoList.Infrastructure\ToDoList.Infrastructure.csproj", "{6416D091-DAD7-4969-934A-E81946840490}"
EndProject
Global
	GlobalSection(SolutionConfigurationPlatforms) = preSolution
		Debug|Any CPU = Debug|Any CPU
		Release|Any CPU = Release|Any CPU
	EndGlobalSection
	GlobalSection(ProjectConfigurationPlatforms) = postSolution
		{17C3B994-820D-4711-8225-BC7A64D69B60}.Debug|Any CPU.ActiveCfg = Debug|Any CPU
		{17C3B994-820D-4711-8225-BC7A64D69B60}.Debug|Any CPU.Build.0 = Debug|Any CPU
		{17C3B994-820D-4711-8225-BC7A64D69B60}.Release|Any CPU.ActiveCfg = Release|Any CPU
		{17C3B994-820D-4711-8225-BC7A64D69B60}.Release|Any CPU.Build.0 = Release|Any CPU
		{456DF1B3-13D3-4F74-BA1B-780FD47FA16E}.Debug|Any CPU.ActiveCfg = Debug|Any CPU
		{456DF1B3-13D3-4F74-BA1B-780FD47FA16E}.Debug|Any CPU.Build.0 = Debug|Any CPU
		{456DF1B3-13D3-4F74-BA1B-780FD47FA16E}.Release|Any CPU.ActiveCfg = Release|Any CPU
		{456DF1B3-13D3-4F74-BA1B-780FD47FA16E}.Release|Any CPU.Build.0 = Release|Any CPU
		{87F7EBF3-B801-4881-8220-AB92234A73B2}.Debug|Any CPU.ActiveCfg = Debug|Any CPU
		{87F7EBF3-B801-4881-8220-AB92234A73B2}.Debug|Any CPU.Build.0 = Debug|Any CPU
		{87F7EBF3-B801-4881-8220-AB92234A73B2}.Release|Any CPU.ActiveCfg = Release|Any CPU
		{87F7EBF3-B801-4881-8220-AB92234A73B2}.Release|Any CPU.Build.0 = Release|Any CPU
		{6416D091-DAD7-4969-934A-E81946840490}.Debug|Any CPU.ActiveCfg = Debug|Any CPU
		{6416D091-DAD7-4969-934A-E81946840490}.Debug|Any CPU.Build.0 = Debug|Any CPU
		{6416D091-DAD7-4969-934A-E81946840490}.Release|Any CPU.ActiveCfg = Release|Any CPU
		{6416D091-DAD7-4969-934A-E81946840490}.Release|Any CPU.Build.0 = Release|Any CPU
	EndGlobalSection
	GlobalSection(SolutionProperties) = preSolution
		HideSolutionNode = FALSE
	EndGlobalSection
	GlobalSection(ExtensibilityGlobals) = postSolution
		SolutionGuid = {7BE71497-6FCD-4717-9319-7A94C849B037}
	EndGlobalSection
EndGlobal
